
Microsoft Visual Studio Solution File, Format Version 12.00
# Visual Studio Version 17
VisualStudioVersion = 17.3.32825.248
MinimumVisualStudioVersion = 10.0.40219.1
Project("{2150E333-8FDC-42A3-9474-1A3956D46DE8}") = "API", "API", "{271296C8-C96A-49BB-8792-4D8EFF1CEF5C}"
EndProject
Project("{FAE04EC0-301F-11D3-BF4B-00C04F79EFBC}") = "ApiApp", "ApiApp\ApiApp.csproj", "{A1FAF3B6-13A3-46D4-A3CB-0946DC72E301}"
EndProject
Global
	GlobalSection(SolutionConfigurationPlatforms) = preSolution
		Debug|Any CPU = Debug|Any CPU
		Release|Any CPU = Release|Any CPU
	EndGlobalSection
	GlobalSection(ProjectConfigurationPlatforms) = postSolution
		{A1FAF3B6-13A3-46D4-A3CB-0946DC72E301}.Debug|Any CPU.ActiveCfg = Debug|Any CPU
		{A1FAF3B6-13A3-46D4-A3CB-0946DC72E301}.Debug|Any CPU.Build.0 = Debug|Any CPU
		{A1FAF3B6-13A3-46D4-A3CB-0946DC72E301}.Release|Any CPU.ActiveCfg = Release|Any CPU
		{A1FAF3B6-13A3-46D4-A3CB-0946DC72E301}.Release|Any CPU.Build.0 = Release|Any CPU
	EndGlobalSection
	GlobalSection(SolutionProperties) = preSolution
		HideSolutionNode = FALSE
	EndGlobalSection
	GlobalSection(NestedProjects) = preSolution
		{A1FAF3B6-13A3-46D4-A3CB-0946DC72E301} = {271296C8-C96A-49BB-8792-4D8EFF1CEF5C}
	EndGlobalSection
	GlobalSection(ExtensibilityGlobals) = postSolution
		SolutionGuid = {2D4C7933-F0C1-4AC1-83AE-26A67AF68DBC}
	EndGlobalSection
EndGlobal
